Microsoft Visual Studio Solution File, Format Version 12.00
# Visual Studio 2013
VisualStudioVersion = 12.0.30501.0
MinimumVisualStudioVersion = 10.0.40219.1
Project("{FAE04EC0-301F-11D3-BF4B-00C04F79EFBC}") = "Dommy.Business", "Dommy.Business\Dommy.Business.csproj", "{0D4C5AF6-942D-49E2-8034-A2B87D159CE8}"
EndProject
Project("{FAE04EC0-301F-11D3-BF4B-00C04F79EFBC}") = "Dommy.Business.Test", "Dommy.Business.Test\Dommy.Business.Test.csproj", "{BD7EFB70-7EF0-4163-95B3-04B00026D658}"
EndProject
Project("{FAE04EC0-301F-11D3-BF4B-00C04F79EFBC}") = "Dommy.Console", "Dommy.Console\Dommy.Console.csproj", "{27E56EE9-6AC8-4C96-A86D-E043AEA612A7}"
	ProjectSection(ProjectDependencies) = postProject
		{C5DCFE2D-CF76-4616-BD55-4B65230D7354} = {C5DCFE2D-CF76-4616-BD55-4B65230D7354}
		{5B49682E-0768-4BC6-B0B0-A541F7A781AF} = {5B49682E-0768-4BC6-B0B0-A541F7A781AF}
		{368543D5-9317-469C-9405-BB1F58BAF7F6} = {368543D5-9317-469C-9405-BB1F58BAF7F6}
	EndProjectSection
EndProject
Project("{FAE04EC0-301F-11D3-BF4B-00C04F79EFBC}") = "Dommy.Web", "Dommy.Web\Dommy.Web.csproj", "{5B49682E-0768-4BC6-B0B0-A541F7A781AF}"
EndProject
Project("{FAE04EC0-301F-11D3-BF4B-00C04F79EFBC}") = "Dommy.Web.Tests", "Dommy.Web.Tests\Dommy.Web.Tests.csproj", "{910BB862-B5D0-4BDA-9BD1-F229944F9610}"
EndProject
Project("{2150E333-8FDC-42A3-9474-1A3956D46DE8}") = ".nuget", ".nuget", "{AB92FF98-0BA5-4E94-928C-C4C451AB709C}"
	ProjectSection(SolutionItems) = preProject
		.nuget\NuGet.Config = .nuget\NuGet.Config
		.nuget\NuGet.exe = .nuget\NuGet.exe
		.nuget\NuGet.targets = .nuget\NuGet.targets
	EndProjectSection
EndProject
Project("{FAE04EC0-301F-11D3-BF4B-00C04F79EFBC}") = "Dommy.Extensions.Kinect", "Dommy.Extensions.Kinect\Dommy.Extensions.Kinect.csproj", "{FDCFB3E9-D345-480B-9D1E-7FC7179BC45F}"
EndProject
Project("{2150E333-8FDC-42A3-9474-1A3956D46DE8}") = "Kinect", "Kinect", "{FA1E6964-4F4D-4BA8-9936-625664319F03}"
EndProject
Project("{FAE04EC0-301F-11D3-BF4B-00C04F79EFBC}") = "Dommy.Extensions.Kinect.Tests", "Dommy.Extensions.Kinect.Tests\Dommy.Extensions.Kinect.Tests.csproj", "{3126EA89-CC3F-4493-9EC4-3645DD8D545F}"
EndProject
Project("{FAE04EC0-301F-11D3-BF4B-00C04F79EFBC}") = "Dommy.Extensions.Kinect.Sdk2", "Dommy.Extensions.Kinect.Sdk2\Dommy.Extensions.Kinect.Sdk2.csproj", "{7AA2E2C7-1AB1-4C18-9835-279280869C3B}"
EndProject
Project("{FAE04EC0-301F-11D3-BF4B-00C04F79EFBC}") = "Dommy.Extensions.Kinect.Sdk2.Tests", "Dommy.Extensions.Kinect.Sdk2.Tests\Dommy.Extensions.Kinect.Sdk2.Tests.csproj", "{DF9B5390-7B7E-45FF-9925-51B7A9693903}"
EndProject
Project("{FAE04EC0-301F-11D3-BF4B-00C04F79EFBC}") = "Dommy.Extensions.Kinect.Sdk1", "Dommy.Extensions.Kinect.Sdk1\Dommy.Extensions.Kinect.Sdk1.csproj", "{B5D5034A-7760-4DB0-B4E2-5F636A33D6BC}"
EndProject
Project("{FAE04EC0-301F-11D3-BF4B-00C04F79EFBC}") = "Dommy.Extensions.Kinect.Sdk1.Tests", "Dommy.Extensions.Kinect.Sdk1.Tests\Dommy.Extensions.Kinect.Sdk1.Tests.csproj", "{5572C1C6-B9D2-497F-A840-FC0A5E3FE593}"
EndProject
Project("{2150E333-8FDC-42A3-9474-1A3956D46DE8}") = "UsbUirt", "UsbUirt", "{5A74CDCA-8F1B-42DC-9051-0C255578B273}"
EndProject
Project("{FAE04EC0-301F-11D3-BF4B-00C04F79EFBC}") = "Dommy.Extensions.UsbUirt", "Dommy.Extensions.UsbUirt\Dommy.Extensions.UsbUirt.csproj", "{368543D5-9317-469C-9405-BB1F58BAF7F6}"
EndProject
Project("{FAE04EC0-301F-11D3-BF4B-00C04F79EFBC}") = "Dommy.Console.x86", "Dommy.Console.x86\Dommy.Console.x86.csproj", "{C5DCFE2D-CF76-4616-BD55-4B65230D7354}"
EndProject
Project("{FAE04EC0-301F-11D3-BF4B-00C04F79EFBC}") = "Dommy.Extensions.UsbUirt.x86", "Dommy.Extensions.UsbUirt.x86\Dommy.Extensions.UsbUirt.x86.csproj", "{C120BD29-D7E1-49A7-AA9C-3835E3A69E2F}"
EndProject
Global
	GlobalSection(SolutionConfigurationPlatforms) = preSolution
		Debug|Any CPU = Debug|Any CPU
		Debug|ARM = Debug|ARM
		Debug|Mixed Platforms = Debug|Mixed Platforms
		Debug|x64 = Debug|x64
		Debug|x86 = Debug|x86
		Release|Any CPU = Release|Any CPU
		Release|ARM = Release|ARM
		Release|Mixed Platforms = Release|Mixed Platforms
		Release|x64 = Release|x64
		Release|x86 = Release|x86
	EndGlobalSection
	GlobalSection(ProjectConfigurationPlatforms) = postSolution
		{0D4C5AF6-942D-49E2-8034-A2B87D159CE8}.Debug|Any CPU.ActiveCfg = Debug|Any CPU
		{0D4C5AF6-942D-49E2-8034-A2B87D159CE8}.Debug|Any CPU.Build.0 = Debug|Any CPU
		{0D4C5AF6-942D-49E2-8034-A2B87D159CE8}.Debug|ARM.ActiveCfg = Debug|Any CPU
		{0D4C5AF6-942D-49E2-8034-A2B87D159CE8}.Debug|Mixed Platforms.ActiveCfg = Debug|Any CPU
		{0D4C5AF6-942D-49E2-8034-A2B87D159CE8}.Debug|Mixed Platforms.Build.0 = Debug|Any CPU
		{0D4C5AF6-942D-49E2-8034-A2B87D159CE8}.Debug|x64.ActiveCfg = Debug|Any CPU
		{0D4C5AF6-942D-49E2-8034-A2B87D159CE8}.Debug|x86.ActiveCfg = Debug|Any CPU
		{0D4C5AF6-942D-49E2-8034-A2B87D159CE8}.Release|Any CPU.ActiveCfg = Release|Any CPU
		{0D4C5AF6-942D-49E2-8034-A2B87D159CE8}.Release|Any CPU.Build.0 = Release|Any CPU
		{0D4C5AF6-942D-49E2-8034-A2B87D159CE8}.Release|ARM.ActiveCfg = Release|Any CPU
		{0D4C5AF6-942D-49E2-8034-A2B87D159CE8}.Release|Mixed Platforms.ActiveCfg = Release|Any CPU
		{0D4C5AF6-942D-49E2-8034-A2B87D159CE8}.Release|Mixed Platforms.Build.0 = Release|Any CPU
		{0D4C5AF6-942D-49E2-8034-A2B87D159CE8}.Release|x64.ActiveCfg = Release|Any CPU
		{0D4C5AF6-942D-49E2-8034-A2B87D159CE8}.Release|x86.ActiveCfg = Release|Any CPU
		{BD7EFB70-7EF0-4163-95B3-04B00026D658}.Debug|Any CPU.ActiveCfg = Debug|Any CPU
		{BD7EFB70-7EF0-4163-95B3-04B00026D658}.Debug|Any CPU.Build.0 = Debug|Any CPU
		{BD7EFB70-7EF0-4163-95B3-04B00026D658}.Debug|ARM.ActiveCfg = Debug|Any CPU
		{BD7EFB70-7EF0-4163-95B3-04B00026D658}.Debug|Mixed Platforms.ActiveCfg = Debug|Any CPU
		{BD7EFB70-7EF0-4163-95B3-04B00026D658}.Debug|Mixed Platforms.Build.0 = Debug|Any CPU
		{BD7EFB70-7EF0-4163-95B3-04B00026D658}.Debug|x64.ActiveCfg = Debug|Any CPU
		{BD7EFB70-7EF0-4163-95B3-04B00026D658}.Debug|x86.ActiveCfg = Debug|Any CPU
		{BD7EFB70-7EF0-4163-95B3-04B00026D658}.Release|Any CPU.ActiveCfg = Release|Any CPU
		{BD7EFB70-7EF0-4163-95B3-04B00026D658}.Release|Any CPU.Build.0 = Release|Any CPU
		{BD7EFB70-7EF0-4163-95B3-04B00026D658}.Release|ARM.ActiveCfg = Release|Any CPU
		{BD7EFB70-7EF0-4163-95B3-04B00026D658}.Release|Mixed Platforms.ActiveCfg = Release|Any CPU
		{BD7EFB70-7EF0-4163-95B3-04B00026D658}.Release|Mixed Platforms.Build.0 = Release|Any CPU
		{BD7EFB70-7EF0-4163-95B3-04B00026D658}.Release|x64.ActiveCfg = Release|Any CPU
		{BD7EFB70-7EF0-4163-95B3-04B00026D658}.Release|x86.ActiveCfg = Release|Any CPU
		{27E56EE9-6AC8-4C96-A86D-E043AEA612A7}.Debug|Any CPU.ActiveCfg = Debug|x86
		{27E56EE9-6AC8-4C96-A86D-E043AEA612A7}.Debug|ARM.ActiveCfg = Debug|x86
		{27E56EE9-6AC8-4C96-A86D-E043AEA612A7}.Debug|Mixed Platforms.ActiveCfg = Debug|x86
		{27E56EE9-6AC8-4C96-A86D-E043AEA612A7}.Debug|Mixed Platforms.Build.0 = Debug|x86
		{27E56EE9-6AC8-4C96-A86D-E043AEA612A7}.Debug|x64.ActiveCfg = Debug|x86
		{27E56EE9-6AC8-4C96-A86D-E043AEA612A7}.Debug|x86.ActiveCfg = Debug|x86
		{27E56EE9-6AC8-4C96-A86D-E043AEA612A7}.Debug|x86.Build.0 = Debug|x86
		{27E56EE9-6AC8-4C96-A86D-E043AEA612A7}.Release|Any CPU.ActiveCfg = Release|x86
		{27E56EE9-6AC8-4C96-A86D-E043AEA612A7}.Release|ARM.ActiveCfg = Release|x86
		{27E56EE9-6AC8-4C96-A86D-E043AEA612A7}.Release|Mixed Platforms.ActiveCfg = Release|x86
		{27E56EE9-6AC8-4C96-A86D-E043AEA612A7}.Release|Mixed Platforms.Build.0 = Release|x86
		{27E56EE9-6AC8-4C96-A86D-E043AEA612A7}.Release|x64.ActiveCfg = Release|x86
		{27E56EE9-6AC8-4C96-A86D-E043AEA612A7}.Release|x86.ActiveCfg = Release|x86
		{27E56EE9-6AC8-4C96-A86D-E043AEA612A7}.Release|x86.Build.0 = Release|x86
		{5B49682E-0768-4BC6-B0B0-A541F7A781AF}.Debug|Any CPU.ActiveCfg = Debug|Any CPU
		{5B49682E-0768-4BC6-B0B0-A541F7A781AF}.Debug|Any CPU.Build.0 = Debug|Any CPU
		{5B49682E-0768-4BC6-B0B0-A541F7A781AF}.Debug|ARM.ActiveCfg = Debug|Any CPU
		{5B49682E-0768-4BC6-B0B0-A541F7A781AF}.Debug|Mixed Platforms.ActiveCfg = Debug|Any CPU
		{5B49682E-0768-4BC6-B0B0-A541F7A781AF}.Debug|Mixed Platforms.Build.0 = Debug|Any CPU
		{5B49682E-0768-4BC6-B0B0-A541F7A781AF}.Debug|x64.ActiveCfg = Debug|Any CPU
		{5B49682E-0768-4BC6-B0B0-A541F7A781AF}.Debug|x86.ActiveCfg = Debug|Any CPU
		{5B49682E-0768-4BC6-B0B0-A541F7A781AF}.Release|Any CPU.ActiveCfg = Release|Any CPU
		{5B49682E-0768-4BC6-B0B0-A541F7A781AF}.Release|Any CPU.Build.0 = Release|Any CPU
		{5B49682E-0768-4BC6-B0B0-A541F7A781AF}.Release|ARM.ActiveCfg = Release|Any CPU
		{5B49682E-0768-4BC6-B0B0-A541F7A781AF}.Release|Mixed Platforms.ActiveCfg = Release|Any CPU
		{5B49682E-0768-4BC6-B0B0-A541F7A781AF}.Release|Mixed Platforms.Build.0 = Release|Any CPU
		{5B49682E-0768-4BC6-B0B0-A541F7A781AF}.Release|x64.ActiveCfg = Release|Any CPU
		{5B49682E-0768-4BC6-B0B0-A541F7A781AF}.Release|x86.ActiveCfg = Release|Any CPU
		{910BB862-B5D0-4BDA-9BD1-F229944F9610}.Debug|Any CPU.ActiveCfg = Debug|Any CPU
		{910BB862-B5D0-4BDA-9BD1-F229944F9610}.Debug|Any CPU.Build.0 = Debug|Any CPU
		{910BB862-B5D0-4BDA-9BD1-F229944F9610}.Debug|ARM.ActiveCfg = Debug|Any CPU
		{910BB862-B5D0-4BDA-9BD1-F229944F9610}.Debug|Mixed Platforms.ActiveCfg = Debug|Any CPU
		{910BB862-B5D0-4BDA-9BD1-F229944F9610}.Debug|Mixed Platforms.Build.0 = Debug|Any CPU
		{910BB862-B5D0-4BDA-9BD1-F229944F9610}.Debug|x64.ActiveCfg = Debug|Any CPU
		{910BB862-B5D0-4BDA-9BD1-F229944F9610}.Debug|x86.ActiveCfg = Debug|Any CPU
		{910BB862-B5D0-4BDA-9BD1-F229944F9610}.Release|Any CPU.ActiveCfg = Release|Any CPU
		{910BB862-B5D0-4BDA-9BD1-F229944F9610}.Release|Any CPU.Build.0 = Release|Any CPU
		{910BB862-B5D0-4BDA-9BD1-F229944F9610}.Release|ARM.ActiveCfg = Release|Any CPU
		{910BB862-B5D0-4BDA-9BD1-F229944F9610}.Release|Mixed Platforms.ActiveCfg = Release|Any CPU
		{910BB862-B5D0-4BDA-9BD1-F229944F9610}.Release|Mixed Platforms.Build.0 = Release|Any CPU
		{910BB862-B5D0-4BDA-9BD1-F229944F9610}.Release|x64.ActiveCfg = Release|Any CPU
		{910BB862-B5D0-4BDA-9BD1-F229944F9610}.Release|x86.ActiveCfg = Release|Any CPU
		{FDCFB3E9-D345-480B-9D1E-7FC7179BC45F}.Debug|Any CPU.ActiveCfg = Debug|Any CPU
		{FDCFB3E9-D345-480B-9D1E-7FC7179BC45F}.Debug|Any CPU.Build.0 = Debug|Any CPU
		{FDCFB3E9-D345-480B-9D1E-7FC7179BC45F}.Debug|ARM.ActiveCfg = Debug|Any CPU
		{FDCFB3E9-D345-480B-9D1E-7FC7179BC45F}.Debug|Mixed Platforms.ActiveCfg = Debug|Any CPU
		{FDCFB3E9-D345-480B-9D1E-7FC7179BC45F}.Debug|Mixed Platforms.Build.0 = Debug|Any CPU
		{FDCFB3E9-D345-480B-9D1E-7FC7179BC45F}.Debug|x64.ActiveCfg = Debug|Any CPU
		{FDCFB3E9-D345-480B-9D1E-7FC7179BC45F}.Debug|x86.ActiveCfg = Debug|Any CPU
		{FDCFB3E9-D345-480B-9D1E-7FC7179BC45F}.Release|Any CPU.ActiveCfg = Release|Any CPU
		{FDCFB3E9-D345-480B-9D1E-7FC7179BC45F}.Release|Any CPU.Build.0 = Release|Any CPU
		{FDCFB3E9-D345-480B-9D1E-7FC7179BC45F}.Release|ARM.ActiveCfg = Release|Any CPU
		{FDCFB3E9-D345-480B-9D1E-7FC7179BC45F}.Release|Mixed Platforms.ActiveCfg = Release|Any CPU
		{FDCFB3E9-D345-480B-9D1E-7FC7179BC45F}.Release|Mixed Platforms.Build.0 = Release|Any CPU
		{FDCFB3E9-D345-480B-9D1E-7FC7179BC45F}.Release|x64.ActiveCfg = Release|Any CPU
		{FDCFB3E9-D345-480B-9D1E-7FC7179BC45F}.Release|x86.ActiveCfg = Release|Any CPU
		{3126EA89-CC3F-4493-9EC4-3645DD8D545F}.Debug|Any CPU.ActiveCfg = Debug|Any CPU
		{3126EA89-CC3F-4493-9EC4-3645DD8D545F}.Debug|Any CPU.Build.0 = Debug|Any CPU
		{3126EA89-CC3F-4493-9EC4-3645DD8D545F}.Debug|ARM.ActiveCfg = Debug|Any CPU
		{3126EA89-CC3F-4493-9EC4-3645DD8D545F}.Debug|Mixed Platforms.ActiveCfg = Debug|Any CPU
		{3126EA89-CC3F-4493-9EC4-3645DD8D545F}.Debug|Mixed Platforms.Build.0 = Debug|Any CPU
		{3126EA89-CC3F-4493-9EC4-3645DD8D545F}.Debug|x64.ActiveCfg = Debug|Any CPU
		{3126EA89-CC3F-4493-9EC4-3645DD8D545F}.Debug|x86.ActiveCfg = Debug|Any CPU
		{3126EA89-CC3F-4493-9EC4-3645DD8D545F}.Release|Any CPU.ActiveCfg = Release|Any CPU
		{3126EA89-CC3F-4493-9EC4-3645DD8D545F}.Release|Any CPU.Build.0 = Release|Any CPU
		{3126EA89-CC3F-4493-9EC4-3645DD8D545F}.Release|ARM.ActiveCfg = Release|Any CPU
		{3126EA89-CC3F-4493-9EC4-3645DD8D545F}.Release|Mixed Platforms.ActiveCfg = Release|Any CPU
		{3126EA89-CC3F-4493-9EC4-3645DD8D545F}.Release|Mixed Platforms.Build.0 = Release|Any CPU
		{3126EA89-CC3F-4493-9EC4-3645DD8D545F}.Release|x64.ActiveCfg = Release|Any CPU
		{3126EA89-CC3F-4493-9EC4-3645DD8D545F}.Release|x86.ActiveCfg = Release|Any CPU
		{7AA2E2C7-1AB1-4C18-9835-279280869C3B}.Debug|Any CPU.ActiveCfg = Debug|Any CPU
		{7AA2E2C7-1AB1-4C18-9835-279280869C3B}.Debug|Any CPU.Build.0 = Debug|Any CPU
		{7AA2E2C7-1AB1-4C18-9835-279280869C3B}.Debug|ARM.ActiveCfg = Debug|Any CPU
		{7AA2E2C7-1AB1-4C18-9835-279280869C3B}.Debug|Mixed Platforms.ActiveCfg = Debug|Any CPU
		{7AA2E2C7-1AB1-4C18-9835-279280869C3B}.Debug|Mixed Platforms.Build.0 = Debug|Any CPU
		{7AA2E2C7-1AB1-4C18-9835-279280869C3B}.Debug|x64.ActiveCfg = Debug|Any CPU
		{7AA2E2C7-1AB1-4C18-9835-279280869C3B}.Debug|x86.ActiveCfg = Debug|Any CPU
		{7AA2E2C7-1AB1-4C18-9835-279280869C3B}.Release|Any CPU.ActiveCfg = Release|Any CPU
		{7AA2E2C7-1AB1-4C18-9835-279280869C3B}.Release|Any CPU.Build.0 = Release|Any CPU
		{7AA2E2C7-1AB1-4C18-9835-279280869C3B}.Release|ARM.ActiveCfg = Release|Any CPU
		{7AA2E2C7-1AB1-4C18-9835-279280869C3B}.Release|Mixed Platforms.ActiveCfg = Release|Any CPU
		{7AA2E2C7-1AB1-4C18-9835-279280869C3B}.Release|Mixed Platforms.Build.0 = Release|Any CPU
		{7AA2E2C7-1AB1-4C18-9835-279280869C3B}.Release|x64.ActiveCfg = Release|Any CPU
		{7AA2E2C7-1AB1-4C18-9835-279280869C3B}.Release|x86.ActiveCfg = Release|Any CPU
		{DF9B5390-7B7E-45FF-9925-51B7A9693903}.Debug|Any CPU.ActiveCfg = Debug|Any CPU
		{DF9B5390-7B7E-45FF-9925-51B7A9693903}.Debug|Any CPU.Build.0 = Debug|Any CPU
		{DF9B5390-7B7E-45FF-9925-51B7A9693903}.Debug|ARM.ActiveCfg = Debug|Any CPU
		{DF9B5390-7B7E-45FF-9925-51B7A9693903}.Debug|Mixed Platforms.ActiveCfg = Debug|Any CPU
		{DF9B5390-7B7E-45FF-9925-51B7A9693903}.Debug|Mixed Platforms.Build.0 = Debug|Any CPU
		{DF9B5390-7B7E-45FF-9925-51B7A9693903}.Debug|x64.ActiveCfg = Debug|Any CPU
		{DF9B5390-7B7E-45FF-9925-51B7A9693903}.Debug|x86.ActiveCfg = Debug|Any CPU
		{DF9B5390-7B7E-45FF-9925-51B7A9693903}.Release|Any CPU.ActiveCfg = Release|Any CPU
		{DF9B5390-7B7E-45FF-9925-51B7A9693903}.Release|Any CPU.Build.0 = Release|Any CPU
		{DF9B5390-7B7E-45FF-9925-51B7A9693903}.Release|ARM.ActiveCfg = Release|Any CPU
		{DF9B5390-7B7E-45FF-9925-51B7A9693903}.Release|Mixed Platforms.ActiveCfg = Release|Any CPU
		{DF9B5390-7B7E-45FF-9925-51B7A9693903}.Release|Mixed Platforms.Build.0 = Release|Any CPU
		{DF9B5390-7B7E-45FF-9925-51B7A9693903}.Release|x64.ActiveCfg = Release|Any CPU
		{DF9B5390-7B7E-45FF-9925-51B7A9693903}.Release|x86.ActiveCfg = Release|Any CPU
		{B5D5034A-7760-4DB0-B4E2-5F636A33D6BC}.Debug|Any CPU.ActiveCfg = Debug|Any CPU
		{B5D5034A-7760-4DB0-B4E2-5F636A33D6BC}.Debug|Any CPU.Build.0 = Debug|Any CPU
		{B5D5034A-7760-4DB0-B4E2-5F636A33D6BC}.Debug|ARM.ActiveCfg = Debug|Any CPU
		{B5D5034A-7760-4DB0-B4E2-5F636A33D6BC}.Debug|Mixed Platforms.ActiveCfg = Debug|Any CPU
		{B5D5034A-7760-4DB0-B4E2-5F636A33D6BC}.Debug|Mixed Platforms.Build.0 = Debug|Any CPU
		{B5D5034A-7760-4DB0-B4E2-5F636A33D6BC}.Debug|x64.ActiveCfg = Debug|Any CPU
		{B5D5034A-7760-4DB0-B4E2-5F636A33D6BC}.Debug|x86.ActiveCfg = Debug|Any CPU
		{B5D5034A-7760-4DB0-B4E2-5F636A33D6BC}.Release|Any CPU.ActiveCfg = Release|Any CPU
		{B5D5034A-7760-4DB0-B4E2-5F636A33D6BC}.Release|Any CPU.Build.0 = Release|Any CPU
		{B5D5034A-7760-4DB0-B4E2-5F636A33D6BC}.Release|ARM.ActiveCfg = Release|Any CPU
		{B5D5034A-7760-4DB0-B4E2-5F636A33D6BC}.Release|Mixed Platforms.ActiveCfg = Release|Any CPU
		{B5D5034A-7760-4DB0-B4E2-5F636A33D6BC}.Release|Mixed Platforms.Build.0 = Release|Any CPU
		{B5D5034A-7760-4DB0-B4E2-5F636A33D6BC}.Release|x64.ActiveCfg = Release|Any CPU
		{B5D5034A-7760-4DB0-B4E2-5F636A33D6BC}.Release|x86.ActiveCfg = Release|Any CPU
		{5572C1C6-B9D2-497F-A840-FC0A5E3FE593}.Debug|Any CPU.ActiveCfg = Debug|Any CPU
		{5572C1C6-B9D2-497F-A840-FC0A5E3FE593}.Debug|Any CPU.Build.0 = Debug|Any CPU
		{5572C1C6-B9D2-497F-A840-FC0A5E3FE593}.Debug|ARM.ActiveCfg = Debug|Any CPU
		{5572C1C6-B9D2-497F-A840-FC0A5E3FE593}.Debug|Mixed Platforms.ActiveCfg = Debug|Any CPU
		{5572C1C6-B9D2-497F-A840-FC0A5E3FE593}.Debug|Mixed Platforms.Build.0 = Debug|Any CPU
		{5572C1C6-B9D2-497F-A840-FC0A5E3FE593}.Debug|x64.ActiveCfg = Debug|Any CPU
		{5572C1C6-B9D2-497F-A840-FC0A5E3FE593}.Debug|x86.ActiveCfg = Debug|Any CPU
		{5572C1C6-B9D2-497F-A840-FC0A5E3FE593}.Release|Any CPU.ActiveCfg = Release|Any CPU
		{5572C1C6-B9D2-497F-A840-FC0A5E3FE593}.Release|Any CPU.Build.0 = Release|Any CPU
		{5572C1C6-B9D2-497F-A840-FC0A5E3FE593}.Release|ARM.ActiveCfg = Release|Any CPU
		{5572C1C6-B9D2-497F-A840-FC0A5E3FE593}.Release|Mixed Platforms.ActiveCfg = Release|Any CPU
		{5572C1C6-B9D2-497F-A840-FC0A5E3FE593}.Release|Mixed Platforms.Build.0 = Release|Any CPU
		{5572C1C6-B9D2-497F-A840-FC0A5E3FE593}.Release|x64.ActiveCfg = Release|Any CPU
		{5572C1C6-B9D2-497F-A840-FC0A5E3FE593}.Release|x86.ActiveCfg = Release|Any CPU
		{368543D5-9317-469C-9405-BB1F58BAF7F6}.Debug|Any CPU.ActiveCfg = Debug|Any CPU
		{368543D5-9317-469C-9405-BB1F58BAF7F6}.Debug|Any CPU.Build.0 = Debug|Any CPU
		{368543D5-9317-469C-9405-BB1F58BAF7F6}.Debug|ARM.ActiveCfg = Debug|Any CPU
		{368543D5-9317-469C-9405-BB1F58BAF7F6}.Debug|Mixed Platforms.ActiveCfg = Debug|Any CPU
		{368543D5-9317-469C-9405-BB1F58BAF7F6}.Debug|Mixed Platforms.Build.0 = Debug|Any CPU
		{368543D5-9317-469C-9405-BB1F58BAF7F6}.Debug|x64.ActiveCfg = Debug|Any CPU
		{368543D5-9317-469C-9405-BB1F58BAF7F6}.Debug|x86.ActiveCfg = Debug|Any CPU
		{368543D5-9317-469C-9405-BB1F58BAF7F6}.Release|Any CPU.ActiveCfg = Release|Any CPU
		{368543D5-9317-469C-9405-BB1F58BAF7F6}.Release|Any CPU.Build.0 = Release|Any CPU
		{368543D5-9317-469C-9405-BB1F58BAF7F6}.Release|ARM.ActiveCfg = Release|Any CPU
		{368543D5-9317-469C-9405-BB1F58BAF7F6}.Release|Mixed Platforms.ActiveCfg = Release|Any CPU
		{368543D5-9317-469C-9405-BB1F58BAF7F6}.Release|Mixed Platforms.Build.0 = Release|Any CPU
		{368543D5-9317-469C-9405-BB1F58BAF7F6}.Release|x64.ActiveCfg = Release|Any CPU
		{368543D5-9317-469C-9405-BB1F58BAF7F6}.Release|x86.ActiveCfg = Release|Any CPU
		{C5DCFE2D-CF76-4616-BD55-4B65230D7354}.Debug|Any CPU.ActiveCfg = Debug|Any CPU
		{C5DCFE2D-CF76-4616-BD55-4B65230D7354}.Debug|Any CPU.Build.0 = Debug|Any CPU
		{C5DCFE2D-CF76-4616-BD55-4B65230D7354}.Debug|ARM.ActiveCfg = Debug|Any CPU
		{C5DCFE2D-CF76-4616-BD55-4B65230D7354}.Debug|Mixed Platforms.ActiveCfg = Debug|Any CPU
		{C5DCFE2D-CF76-4616-BD55-4B65230D7354}.Debug|Mixed Platforms.Build.0 = Debug|Any CPU
		{C5DCFE2D-CF76-4616-BD55-4B65230D7354}.Debug|x64.ActiveCfg = Debug|Any CPU
		{C5DCFE2D-CF76-4616-BD55-4B65230D7354}.Debug|x86.ActiveCfg = Debug|Any CPU
		{C5DCFE2D-CF76-4616-BD55-4B65230D7354}.Release|Any CPU.ActiveCfg = Release|Any CPU
		{C5DCFE2D-CF76-4616-BD55-4B65230D7354}.Release|Any CPU.Build.0 = Release|Any CPU
		{C5DCFE2D-CF76-4616-BD55-4B65230D7354}.Release|ARM.ActiveCfg = Release|Any CPU
		{C5DCFE2D-CF76-4616-BD55-4B65230D7354}.Release|Mixed Platforms.ActiveCfg = Release|Any CPU
		{C5DCFE2D-CF76-4616-BD55-4B65230D7354}.Release|Mixed Platforms.Build.0 = Release|Any CPU
		{C5DCFE2D-CF76-4616-BD55-4B65230D7354}.Release|x64.ActiveCfg = Release|Any CPU
		{C5DCFE2D-CF76-4616-BD55-4B65230D7354}.Release|x86.ActiveCfg = Release|Any CPU
		{C120BD29-D7E1-49A7-AA9C-3835E3A69E2F}.Debug|Any CPU.ActiveCfg = Debug|Any CPU
		{C120BD29-D7E1-49A7-AA9C-3835E3A69E2F}.Debug|Any CPU.Build.0 = Debug|Any CPU
		{C120BD29-D7E1-49A7-AA9C-3835E3A69E2F}.Debug|ARM.ActiveCfg = Debug|Any CPU
		{C120BD29-D7E1-49A7-AA9C-3835E3A69E2F}.Debug|Mixed Platforms.ActiveCfg = Debug|Any CPU
		{C120BD29-D7E1-49A7-AA9C-3835E3A69E2F}.Debug|Mixed Platforms.Build.0 = Debug|Any CPU
		{C120BD29-D7E1-49A7-AA9C-3835E3A69E2F}.Debug|x64.ActiveCfg = Debug|Any CPU
		{C120BD29-D7E1-49A7-AA9C-3835E3A69E2F}.Debug|x86.ActiveCfg = Debug|Any CPU
		{C120BD29-D7E1-49A7-AA9C-3835E3A69E2F}.Release|Any CPU.ActiveCfg = Release|Any CPU
		{C120BD29-D7E1-49A7-AA9C-3835E3A69E2F}.Release|Any CPU.Build.0 = Release|Any CPU
		{C120BD29-D7E1-49A7-AA9C-3835E3A69E2F}.Release|ARM.ActiveCfg = Release|Any CPU
		{C120BD29-D7E1-49A7-AA9C-3835E3A69E2F}.Release|Mixed Platforms.ActiveCfg = Release|Any CPU
		{C120BD29-D7E1-49A7-AA9C-3835E3A69E2F}.Release|Mixed Platforms.Build.0 = Release|Any CPU
		{C120BD29-D7E1-49A7-AA9C-3835E3A69E2F}.Release|x64.ActiveCfg = Release|Any CPU
		{C120BD29-D7E1-49A7-AA9C-3835E3A69E2F}.Release|x86.ActiveCfg = Release|Any CPU
	EndGlobalSection
	GlobalSection(SolutionProperties) = preSolution
		HideSolutionNode = FALSE
	EndGlobalSection
	GlobalSection(NestedProjects) = preSolution
		{FDCFB3E9-D345-480B-9D1E-7FC7179BC45F} = {FA1E6964-4F4D-4BA8-9936-625664319F03}
		{3126EA89-CC3F-4493-9EC4-3645DD8D545F} = {FA1E6964-4F4D-4BA8-9936-625664319F03}
		{7AA2E2C7-1AB1-4C18-9835-279280869C3B} = {FA1E6964-4F4D-4BA8-9936-625664319F03}
		{DF9B5390-7B7E-45FF-9925-51B7A9693903} = {FA1E6964-4F4D-4BA8-9936-625664319F03}
		{B5D5034A-7760-4DB0-B4E2-5F636A33D6BC} = {FA1E6964-4F4D-4BA8-9936-625664319F03}
		{5572C1C6-B9D2-497F-A840-FC0A5E3FE593} = {FA1E6964-4F4D-4BA8-9936-625664319F03}
		{368543D5-9317-469C-9405-BB1F58BAF7F6} = {5A74CDCA-8F1B-42DC-9051-0C255578B273}
		{C120BD29-D7E1-49A7-AA9C-3835E3A69E2F} = {5A74CDCA-8F1B-42DC-9051-0C255578B273}
	EndGlobalSection
	GlobalSection(Performance) = preSolution
		HasPerformanceSessions = true
	EndGlobalSection
	GlobalSection(TestCaseManagementSettings) = postSolution
		CategoryFile = Dommy.vsmdi
	EndGlobalSection
EndGlobal
