Microsoft Visual Studio Solution File, Format Version 12.00
# Visual Studio 2013
VisualStudioVersion = 12.0.30110.0
MinimumVisualStudioVersion = 10.0.40219.1
Project("{FAE04EC0-301F-11D3-BF4B-00C04F79EFBC}") = "Dommy.Business", "Dommy.Business\Dommy.Business.csproj", "{0D4C5AF6-942D-49E2-8034-A2B87D159CE8}"
EndProject
Project("{FAE04EC0-301F-11D3-BF4B-00C04F79EFBC}") = "Dommy.Business.Test", "Dommy.Business.Test\Dommy.Business.Test.csproj", "{BD7EFB70-7EF0-4163-95B3-04B00026D658}"
EndProject
Project("{2150E333-8FDC-42A3-9474-1A3956D46DE8}") = "Solution Items", "Solution Items", "{87060017-9390-47C0-9FDA-527D6172B341}"
	ProjectSection(SolutionItems) = preProject
		Dommy.vsmdi = Dommy.vsmdi
		Local.testsettings = Local.testsettings
		Performance1.psess = Performance1.psess
		TraceAndTestImpact.testsettings = TraceAndTestImpact.testsettings
	EndProjectSection
EndProject
Project("{FAE04EC0-301F-11D3-BF4B-00C04F79EFBC}") = "Dommy.Console", "Dommy.Console\Dommy.Console.csproj", "{27E56EE9-6AC8-4C96-A86D-E043AEA612A7}"
	ProjectSection(ProjectDependencies) = postProject
		{5B49682E-0768-4BC6-B0B0-A541F7A781AF} = {5B49682E-0768-4BC6-B0B0-A541F7A781AF}
	EndProjectSection
EndProject
Project("{FAE04EC0-301F-11D3-BF4B-00C04F79EFBC}") = "Dommy.Web", "Dommy.Web\Dommy.Web.csproj", "{5B49682E-0768-4BC6-B0B0-A541F7A781AF}"
EndProject
Project("{FAE04EC0-301F-11D3-BF4B-00C04F79EFBC}") = "Dommy.Web.Tests", "Dommy.Web.Tests\Dommy.Web.Tests.csproj", "{910BB862-B5D0-4BDA-9BD1-F229944F9610}"
EndProject
Project("{2150E333-8FDC-42A3-9474-1A3956D46DE8}") = ".nuget", ".nuget", "{AB92FF98-0BA5-4E94-928C-C4C451AB709C}"
	ProjectSection(SolutionItems) = preProject
		.nuget\NuGet.Config = .nuget\NuGet.Config
		.nuget\NuGet.exe = .nuget\NuGet.exe
		.nuget\NuGet.targets = .nuget\NuGet.targets
	EndProjectSection
EndProject
Project("{FAE04EC0-301F-11D3-BF4B-00C04F79EFBC}") = "Dommy.Extensions.Kinect", "Dommy.Extensions.Kinect\Dommy.Extensions.Kinect.csproj", "{FDCFB3E9-D345-480B-9D1E-7FC7179BC45F}"
EndProject
Global
	GlobalSection(SolutionConfigurationPlatforms) = preSolution
		Debug|Any CPU = Debug|Any CPU
		Debug|ARM = Debug|ARM
		Debug|Mixed Platforms = Debug|Mixed Platforms
		Debug|x64 = Debug|x64
		Debug|x86 = Debug|x86
		Release|Any CPU = Release|Any CPU
		Release|ARM = Release|ARM
		Release|Mixed Platforms = Release|Mixed Platforms
		Release|x64 = Release|x64
		Release|x86 = Release|x86
	EndGlobalSection
	GlobalSection(ProjectConfigurationPlatforms) = postSolution
		{0D4C5AF6-942D-49E2-8034-A2B87D159CE8}.Debug|Any CPU.ActiveCfg = Debug|Any CPU
		{0D4C5AF6-942D-49E2-8034-A2B87D159CE8}.Debug|Any CPU.Build.0 = Debug|Any CPU
		{0D4C5AF6-942D-49E2-8034-A2B87D159CE8}.Debug|ARM.ActiveCfg = Debug|Any CPU
		{0D4C5AF6-942D-49E2-8034-A2B87D159CE8}.Debug|Mixed Platforms.ActiveCfg = Debug|Any CPU
		{0D4C5AF6-942D-49E2-8034-A2B87D159CE8}.Debug|Mixed Platforms.Build.0 = Debug|Any CPU
		{0D4C5AF6-942D-49E2-8034-A2B87D159CE8}.Debug|x64.ActiveCfg = Debug|Any CPU
		{0D4C5AF6-942D-49E2-8034-A2B87D159CE8}.Debug|x86.ActiveCfg = Debug|Any CPU
		{0D4C5AF6-942D-49E2-8034-A2B87D159CE8}.Release|Any CPU.ActiveCfg = Release|Any CPU
		{0D4C5AF6-942D-49E2-8034-A2B87D159CE8}.Release|Any CPU.Build.0 = Release|Any CPU
		{0D4C5AF6-942D-49E2-8034-A2B87D159CE8}.Release|ARM.ActiveCfg = Release|Any CPU
		{0D4C5AF6-942D-49E2-8034-A2B87D159CE8}.Release|Mixed Platforms.ActiveCfg = Release|Any CPU
		{0D4C5AF6-942D-49E2-8034-A2B87D159CE8}.Release|Mixed Platforms.Build.0 = Release|Any CPU
		{0D4C5AF6-942D-49E2-8034-A2B87D159CE8}.Release|x64.ActiveCfg = Release|Any CPU
		{0D4C5AF6-942D-49E2-8034-A2B87D159CE8}.Release|x86.ActiveCfg = Release|Any CPU
		{BD7EFB70-7EF0-4163-95B3-04B00026D658}.Debug|Any CPU.ActiveCfg = Debug|Any CPU
		{BD7EFB70-7EF0-4163-95B3-04B00026D658}.Debug|Any CPU.Build.0 = Debug|Any CPU
		{BD7EFB70-7EF0-4163-95B3-04B00026D658}.Debug|ARM.ActiveCfg = Debug|Any CPU
		{BD7EFB70-7EF0-4163-95B3-04B00026D658}.Debug|Mixed Platforms.ActiveCfg = Debug|Any CPU
		{BD7EFB70-7EF0-4163-95B3-04B00026D658}.Debug|Mixed Platforms.Build.0 = Debug|Any CPU
		{BD7EFB70-7EF0-4163-95B3-04B00026D658}.Debug|x64.ActiveCfg = Debug|Any CPU
		{BD7EFB70-7EF0-4163-95B3-04B00026D658}.Debug|x86.ActiveCfg = Debug|Any CPU
		{BD7EFB70-7EF0-4163-95B3-04B00026D658}.Release|Any CPU.ActiveCfg = Release|Any CPU
		{BD7EFB70-7EF0-4163-95B3-04B00026D658}.Release|Any CPU.Build.0 = Release|Any CPU
		{BD7EFB70-7EF0-4163-95B3-04B00026D658}.Release|ARM.ActiveCfg = Release|Any CPU
		{BD7EFB70-7EF0-4163-95B3-04B00026D658}.Release|Mixed Platforms.ActiveCfg = Release|Any CPU
		{BD7EFB70-7EF0-4163-95B3-04B00026D658}.Release|Mixed Platforms.Build.0 = Release|Any CPU
		{BD7EFB70-7EF0-4163-95B3-04B00026D658}.Release|x64.ActiveCfg = Release|Any CPU
		{BD7EFB70-7EF0-4163-95B3-04B00026D658}.Release|x86.ActiveCfg = Release|Any CPU
		{27E56EE9-6AC8-4C96-A86D-E043AEA612A7}.Debug|Any CPU.ActiveCfg = Debug|x86
		{27E56EE9-6AC8-4C96-A86D-E043AEA612A7}.Debug|ARM.ActiveCfg = Debug|x86
		{27E56EE9-6AC8-4C96-A86D-E043AEA612A7}.Debug|Mixed Platforms.ActiveCfg = Debug|x86
		{27E56EE9-6AC8-4C96-A86D-E043AEA612A7}.Debug|Mixed Platforms.Build.0 = Debug|x86
		{27E56EE9-6AC8-4C96-A86D-E043AEA612A7}.Debug|x64.ActiveCfg = Debug|x86
		{27E56EE9-6AC8-4C96-A86D-E043AEA612A7}.Debug|x86.ActiveCfg = Debug|x86
		{27E56EE9-6AC8-4C96-A86D-E043AEA612A7}.Debug|x86.Build.0 = Debug|x86
		{27E56EE9-6AC8-4C96-A86D-E043AEA612A7}.Release|Any CPU.ActiveCfg = Release|x86
		{27E56EE9-6AC8-4C96-A86D-E043AEA612A7}.Release|ARM.ActiveCfg = Release|x86
		{27E56EE9-6AC8-4C96-A86D-E043AEA612A7}.Release|Mixed Platforms.ActiveCfg = Release|x86
		{27E56EE9-6AC8-4C96-A86D-E043AEA612A7}.Release|Mixed Platforms.Build.0 = Release|x86
		{27E56EE9-6AC8-4C96-A86D-E043AEA612A7}.Release|x64.ActiveCfg = Release|x86
		{27E56EE9-6AC8-4C96-A86D-E043AEA612A7}.Release|x86.ActiveCfg = Release|x86
		{27E56EE9-6AC8-4C96-A86D-E043AEA612A7}.Release|x86.Build.0 = Release|x86
		{5B49682E-0768-4BC6-B0B0-A541F7A781AF}.Debug|Any CPU.ActiveCfg = Debug|Any CPU
		{5B49682E-0768-4BC6-B0B0-A541F7A781AF}.Debug|Any CPU.Build.0 = Debug|Any CPU
		{5B49682E-0768-4BC6-B0B0-A541F7A781AF}.Debug|ARM.ActiveCfg = Debug|Any CPU
		{5B49682E-0768-4BC6-B0B0-A541F7A781AF}.Debug|Mixed Platforms.ActiveCfg = Debug|Any CPU
		{5B49682E-0768-4BC6-B0B0-A541F7A781AF}.Debug|Mixed Platforms.Build.0 = Debug|Any CPU
		{5B49682E-0768-4BC6-B0B0-A541F7A781AF}.Debug|x64.ActiveCfg = Debug|Any CPU
		{5B49682E-0768-4BC6-B0B0-A541F7A781AF}.Debug|x86.ActiveCfg = Debug|Any CPU
		{5B49682E-0768-4BC6-B0B0-A541F7A781AF}.Release|Any CPU.ActiveCfg = Release|Any CPU
		{5B49682E-0768-4BC6-B0B0-A541F7A781AF}.Release|Any CPU.Build.0 = Release|Any CPU
		{5B49682E-0768-4BC6-B0B0-A541F7A781AF}.Release|ARM.ActiveCfg = Release|Any CPU
		{5B49682E-0768-4BC6-B0B0-A541F7A781AF}.Release|Mixed Platforms.ActiveCfg = Release|Any CPU
		{5B49682E-0768-4BC6-B0B0-A541F7A781AF}.Release|Mixed Platforms.Build.0 = Release|Any CPU
		{5B49682E-0768-4BC6-B0B0-A541F7A781AF}.Release|x64.ActiveCfg = Release|Any CPU
		{5B49682E-0768-4BC6-B0B0-A541F7A781AF}.Release|x86.ActiveCfg = Release|Any CPU
		{910BB862-B5D0-4BDA-9BD1-F229944F9610}.Debug|Any CPU.ActiveCfg = Debug|Any CPU
		{910BB862-B5D0-4BDA-9BD1-F229944F9610}.Debug|Any CPU.Build.0 = Debug|Any CPU
		{910BB862-B5D0-4BDA-9BD1-F229944F9610}.Debug|ARM.ActiveCfg = Debug|Any CPU
		{910BB862-B5D0-4BDA-9BD1-F229944F9610}.Debug|Mixed Platforms.ActiveCfg = Debug|Any CPU
		{910BB862-B5D0-4BDA-9BD1-F229944F9610}.Debug|Mixed Platforms.Build.0 = Debug|Any CPU
		{910BB862-B5D0-4BDA-9BD1-F229944F9610}.Debug|x64.ActiveCfg = Debug|Any CPU
		{910BB862-B5D0-4BDA-9BD1-F229944F9610}.Debug|x86.ActiveCfg = Debug|Any CPU
		{910BB862-B5D0-4BDA-9BD1-F229944F9610}.Release|Any CPU.ActiveCfg = Release|Any CPU
		{910BB862-B5D0-4BDA-9BD1-F229944F9610}.Release|Any CPU.Build.0 = Release|Any CPU
		{910BB862-B5D0-4BDA-9BD1-F229944F9610}.Release|ARM.ActiveCfg = Release|Any CPU
		{910BB862-B5D0-4BDA-9BD1-F229944F9610}.Release|Mixed Platforms.ActiveCfg = Release|Any CPU
		{910BB862-B5D0-4BDA-9BD1-F229944F9610}.Release|Mixed Platforms.Build.0 = Release|Any CPU
		{910BB862-B5D0-4BDA-9BD1-F229944F9610}.Release|x64.ActiveCfg = Release|Any CPU
		{910BB862-B5D0-4BDA-9BD1-F229944F9610}.Release|x86.ActiveCfg = Release|Any CPU
		{FDCFB3E9-D345-480B-9D1E-7FC7179BC45F}.Debug|Any CPU.ActiveCfg = Debug|Any CPU
		{FDCFB3E9-D345-480B-9D1E-7FC7179BC45F}.Debug|Any CPU.Build.0 = Debug|Any CPU
		{FDCFB3E9-D345-480B-9D1E-7FC7179BC45F}.Debug|ARM.ActiveCfg = Debug|Any CPU
		{FDCFB3E9-D345-480B-9D1E-7FC7179BC45F}.Debug|Mixed Platforms.ActiveCfg = Debug|Any CPU
		{FDCFB3E9-D345-480B-9D1E-7FC7179BC45F}.Debug|Mixed Platforms.Build.0 = Debug|Any CPU
		{FDCFB3E9-D345-480B-9D1E-7FC7179BC45F}.Debug|x64.ActiveCfg = Debug|Any CPU
		{FDCFB3E9-D345-480B-9D1E-7FC7179BC45F}.Debug|x86.ActiveCfg = Debug|Any CPU
		{FDCFB3E9-D345-480B-9D1E-7FC7179BC45F}.Release|Any CPU.ActiveCfg = Release|Any CPU
		{FDCFB3E9-D345-480B-9D1E-7FC7179BC45F}.Release|Any CPU.Build.0 = Release|Any CPU
		{FDCFB3E9-D345-480B-9D1E-7FC7179BC45F}.Release|ARM.ActiveCfg = Release|Any CPU
		{FDCFB3E9-D345-480B-9D1E-7FC7179BC45F}.Release|Mixed Platforms.ActiveCfg = Release|Any CPU
		{FDCFB3E9-D345-480B-9D1E-7FC7179BC45F}.Release|Mixed Platforms.Build.0 = Release|Any CPU
		{FDCFB3E9-D345-480B-9D1E-7FC7179BC45F}.Release|x64.ActiveCfg = Release|Any CPU
		{FDCFB3E9-D345-480B-9D1E-7FC7179BC45F}.Release|x86.ActiveCfg = Release|Any CPU
	EndGlobalSection
	GlobalSection(SolutionProperties) = preSolution
		HideSolutionNode = FALSE
	EndGlobalSection
	GlobalSection(NestedProjects) = preSolution
		{BD7EFB70-7EF0-4163-95B3-04B00026D658} = {87060017-9390-47C0-9FDA-527D6172B341}
	EndGlobalSection
	GlobalSection(TestCaseManagementSettings) = postSolution
		CategoryFile = Dommy.vsmdi
	EndGlobalSection
EndGlobal
